
Microsoft Visual Studio Solution File, Format Version 12.00
# Visual Studio Version 17
VisualStudioVersion = 17.0.31903.59
MinimumVisualStudioVersion = 10.0.40219.1
Project("{FAE04EC0-301F-11D3-BF4B-00C04F79EFBC}") = "ex1", "ex1\ex1.csproj", "{1C13A551-FEA9-4276-9C90-B9D99AE7F52D}"
EndProject
Project("{FAE04EC0-301F-11D3-BF4B-00C04F79EFBC}") = "ex2", "ex2\ex2.csproj", "{7B709E8D-5315-4442-8842-34ABF177DCDB}"
EndProject
Project("{FAE04EC0-301F-11D3-BF4B-00C04F79EFBC}") = "ex3", "ex3\ex3.csproj", "{552A9501-0589-4EB5-8D30-2801759A4314}"
EndProject
Project("{FAE04EC0-301F-11D3-BF4B-00C04F79EFBC}") = "ex4", "ex4\ex4.csproj", "{E882314D-12D5-44B0-87DD-2D2C2BD8B149}"
EndProject
Project("{FAE04EC0-301F-11D3-BF4B-00C04F79EFBC}") = "ex5", "ex5\ex5.csproj", "{FCA8F64B-F07C-442F-824D-36EE3808503A}"
EndProject
Project("{FAE04EC0-301F-11D3-BF4B-00C04F79EFBC}") = "ex6", "ex6\ex6.csproj", "{C486BFA9-1765-40CC-8513-4EB1BD3C66DE}"
EndProject
Project("{FAE04EC0-301F-11D3-BF4B-00C04F79EFBC}") = "ex7", "ex7\ex7.csproj", "{51FECA7A-3572-4F94-B1C7-225E7D9B4E5E}"
EndProject
Project("{FAE04EC0-301F-11D3-BF4B-00C04F79EFBC}") = "ex8", "ex8\ex8.csproj", "{F5EEDA44-1664-4A4A-94FD-CD5552BBDFEB}"
EndProject
Project("{FAE04EC0-301F-11D3-BF4B-00C04F79EFBC}") = "ex9", "ex9\ex9.csproj", "{420F236E-9B53-445C-9474-B0CB02B05225}"
EndProject
Project("{FAE04EC0-301F-11D3-BF4B-00C04F79EFBC}") = "ex10", "ex10\ex10.csproj", "{F9B1A429-8AAD-44F9-A2A0-B82446A17AD4}"
EndProject
Global
	GlobalSection(SolutionConfigurationPlatforms) = preSolution
		Debug|Any CPU = Debug|Any CPU
		Debug|x64 = Debug|x64
		Debug|x86 = Debug|x86
		Release|Any CPU = Release|Any CPU
		Release|x64 = Release|x64
		Release|x86 = Release|x86
	EndGlobalSection
	GlobalSection(ProjectConfigurationPlatforms) = postSolution
		{1C13A551-FEA9-4276-9C90-B9D99AE7F52D}.Debug|Any CPU.ActiveCfg = Debug|Any CPU
		{1C13A551-FEA9-4276-9C90-B9D99AE7F52D}.Debug|Any CPU.Build.0 = Debug|Any CPU
		{1C13A551-FEA9-4276-9C90-B9D99AE7F52D}.Debug|x64.ActiveCfg = Debug|Any CPU
		{1C13A551-FEA9-4276-9C90-B9D99AE7F52D}.Debug|x64.Build.0 = Debug|Any CPU
		{1C13A551-FEA9-4276-9C90-B9D99AE7F52D}.Debug|x86.ActiveCfg = Debug|Any CPU
		{1C13A551-FEA9-4276-9C90-B9D99AE7F52D}.Debug|x86.Build.0 = Debug|Any CPU
		{1C13A551-FEA9-4276-9C90-B9D99AE7F52D}.Release|Any CPU.ActiveCfg = Release|Any CPU
		{1C13A551-FEA9-4276-9C90-B9D99AE7F52D}.Release|Any CPU.Build.0 = Release|Any CPU
		{1C13A551-FEA9-4276-9C90-B9D99AE7F52D}.Release|x64.ActiveCfg = Release|Any CPU
		{1C13A551-FEA9-4276-9C90-B9D99AE7F52D}.Release|x64.Build.0 = Release|Any CPU
		{1C13A551-FEA9-4276-9C90-B9D99AE7F52D}.Release|x86.ActiveCfg = Release|Any CPU
		{1C13A551-FEA9-4276-9C90-B9D99AE7F52D}.Release|x86.Build.0 = Release|Any CPU
		{7B709E8D-5315-4442-8842-34ABF177DCDB}.Debug|Any CPU.ActiveCfg = Debug|Any CPU
		{7B709E8D-5315-4442-8842-34ABF177DCDB}.Debug|Any CPU.Build.0 = Debug|Any CPU
		{7B709E8D-5315-4442-8842-34ABF177DCDB}.Debug|x64.ActiveCfg = Debug|Any CPU
		{7B709E8D-5315-4442-8842-34ABF177DCDB}.Debug|x64.Build.0 = Debug|Any CPU
		{7B709E8D-5315-4442-8842-34ABF177DCDB}.Debug|x86.ActiveCfg = Debug|Any CPU
		{7B709E8D-5315-4442-8842-34ABF177DCDB}.Debug|x86.Build.0 = Debug|Any CPU
		{7B709E8D-5315-4442-8842-34ABF177DCDB}.Release|Any CPU.ActiveCfg = Release|Any CPU
		{7B709E8D-5315-4442-8842-34ABF177DCDB}.Release|Any CPU.Build.0 = Release|Any CPU
		{7B709E8D-5315-4442-8842-34ABF177DCDB}.Release|x64.ActiveCfg = Release|Any CPU
		{7B709E8D-5315-4442-8842-34ABF177DCDB}.Release|x64.Build.0 = Release|Any CPU
		{7B709E8D-5315-4442-8842-34ABF177DCDB}.Release|x86.ActiveCfg = Release|Any CPU
		{7B709E8D-5315-4442-8842-34ABF177DCDB}.Release|x86.Build.0 = Release|Any CPU
		{552A9501-0589-4EB5-8D30-2801759A4314}.Debug|Any CPU.ActiveCfg = Debug|Any CPU
		{552A9501-0589-4EB5-8D30-2801759A4314}.Debug|Any CPU.Build.0 = Debug|Any CPU
		{552A9501-0589-4EB5-8D30-2801759A4314}.Debug|x64.ActiveCfg = Debug|Any CPU
		{552A9501-0589-4EB5-8D30-2801759A4314}.Debug|x64.Build.0 = Debug|Any CPU
		{552A9501-0589-4EB5-8D30-2801759A4314}.Debug|x86.ActiveCfg = Debug|Any CPU
		{552A9501-0589-4EB5-8D30-2801759A4314}.Debug|x86.Build.0 = Debug|Any CPU
		{552A9501-0589-4EB5-8D30-2801759A4314}.Release|Any CPU.ActiveCfg = Release|Any CPU
		{552A9501-0589-4EB5-8D30-2801759A4314}.Release|Any CPU.Build.0 = Release|Any CPU
		{552A9501-0589-4EB5-8D30-2801759A4314}.Release|x64.ActiveCfg = Release|Any CPU
		{552A9501-0589-4EB5-8D30-2801759A4314}.Release|x64.Build.0 = Release|Any CPU
		{552A9501-0589-4EB5-8D30-2801759A4314}.Release|x86.ActiveCfg = Release|Any CPU
		{552A9501-0589-4EB5-8D30-2801759A4314}.Release|x86.Build.0 = Release|Any CPU
		{E882314D-12D5-44B0-87DD-2D2C2BD8B149}.Debug|Any CPU.ActiveCfg = Debug|Any CPU
		{E882314D-12D5-44B0-87DD-2D2C2BD8B149}.Debug|Any CPU.Build.0 = Debug|Any CPU
		{E882314D-12D5-44B0-87DD-2D2C2BD8B149}.Debug|x64.ActiveCfg = Debug|Any CPU
		{E882314D-12D5-44B0-87DD-2D2C2BD8B149}.Debug|x64.Build.0 = Debug|Any CPU
		{E882314D-12D5-44B0-87DD-2D2C2BD8B149}.Debug|x86.ActiveCfg = Debug|Any CPU
		{E882314D-12D5-44B0-87DD-2D2C2BD8B149}.Debug|x86.Build.0 = Debug|Any CPU
		{E882314D-12D5-44B0-87DD-2D2C2BD8B149}.Release|Any CPU.ActiveCfg = Release|Any CPU
		{E882314D-12D5-44B0-87DD-2D2C2BD8B149}.Release|Any CPU.Build.0 = Release|Any CPU
		{E882314D-12D5-44B0-87DD-2D2C2BD8B149}.Release|x64.ActiveCfg = Release|Any CPU
		{E882314D-12D5-44B0-87DD-2D2C2BD8B149}.Release|x64.Build.0 = Release|Any CPU
		{E882314D-12D5-44B0-87DD-2D2C2BD8B149}.Release|x86.ActiveCfg = Release|Any CPU
		{E882314D-12D5-44B0-87DD-2D2C2BD8B149}.Release|x86.Build.0 = Release|Any CPU
		{FCA8F64B-F07C-442F-824D-36EE3808503A}.Debug|Any CPU.ActiveCfg = Debug|Any CPU
		{FCA8F64B-F07C-442F-824D-36EE3808503A}.Debug|Any CPU.Build.0 = Debug|Any CPU
		{FCA8F64B-F07C-442F-824D-36EE3808503A}.Debug|x64.ActiveCfg = Debug|Any CPU
		{FCA8F64B-F07C-442F-824D-36EE3808503A}.Debug|x64.Build.0 = Debug|Any CPU
		{FCA8F64B-F07C-442F-824D-36EE3808503A}.Debug|x86.ActiveCfg = Debug|Any CPU
		{FCA8F64B-F07C-442F-824D-36EE3808503A}.Debug|x86.Build.0 = Debug|Any CPU
		{FCA8F64B-F07C-442F-824D-36EE3808503A}.Release|Any CPU.ActiveCfg = Release|Any CPU
		{FCA8F64B-F07C-442F-824D-36EE3808503A}.Release|Any CPU.Build.0 = Release|Any CPU
		{FCA8F64B-F07C-442F-824D-36EE3808503A}.Release|x64.ActiveCfg = Release|Any CPU
		{FCA8F64B-F07C-442F-824D-36EE3808503A}.Release|x64.Build.0 = Release|Any CPU
		{FCA8F64B-F07C-442F-824D-36EE3808503A}.Release|x86.ActiveCfg = Release|Any CPU
		{FCA8F64B-F07C-442F-824D-36EE3808503A}.Release|x86.Build.0 = Release|Any CPU
		{C486BFA9-1765-40CC-8513-4EB1BD3C66DE}.Debug|Any CPU.ActiveCfg = Debug|Any CPU
		{C486BFA9-1765-40CC-8513-4EB1BD3C66DE}.Debug|Any CPU.Build.0 = Debug|Any CPU
		{C486BFA9-1765-40CC-8513-4EB1BD3C66DE}.Debug|x64.ActiveCfg = Debug|Any CPU
		{C486BFA9-1765-40CC-8513-4EB1BD3C66DE}.Debug|x64.Build.0 = Debug|Any CPU
		{C486BFA9-1765-40CC-8513-4EB1BD3C66DE}.Debug|x86.ActiveCfg = Debug|Any CPU
		{C486BFA9-1765-40CC-8513-4EB1BD3C66DE}.Debug|x86.Build.0 = Debug|Any CPU
		{C486BFA9-1765-40CC-8513-4EB1BD3C66DE}.Release|Any CPU.ActiveCfg = Release|Any CPU
		{C486BFA9-1765-40CC-8513-4EB1BD3C66DE}.Release|Any CPU.Build.0 = Release|Any CPU
		{C486BFA9-1765-40CC-8513-4EB1BD3C66DE}.Release|x64.ActiveCfg = Release|Any CPU
		{C486BFA9-1765-40CC-8513-4EB1BD3C66DE}.Release|x64.Build.0 = Release|Any CPU
		{C486BFA9-1765-40CC-8513-4EB1BD3C66DE}.Release|x86.ActiveCfg = Release|Any CPU
		{C486BFA9-1765-40CC-8513-4EB1BD3C66DE}.Release|x86.Build.0 = Release|Any CPU
		{51FECA7A-3572-4F94-B1C7-225E7D9B4E5E}.Debug|Any CPU.ActiveCfg = Debug|Any CPU
		{51FECA7A-3572-4F94-B1C7-225E7D9B4E5E}.Debug|Any CPU.Build.0 = Debug|Any CPU
		{51FECA7A-3572-4F94-B1C7-225E7D9B4E5E}.Debug|x64.ActiveCfg = Debug|Any CPU
		{51FECA7A-3572-4F94-B1C7-225E7D9B4E5E}.Debug|x64.Build.0 = Debug|Any CPU
		{51FECA7A-3572-4F94-B1C7-225E7D9B4E5E}.Debug|x86.ActiveCfg = Debug|Any CPU
		{51FECA7A-3572-4F94-B1C7-225E7D9B4E5E}.Debug|x86.Build.0 = Debug|Any CPU
		{51FECA7A-3572-4F94-B1C7-225E7D9B4E5E}.Release|Any CPU.ActiveCfg = Release|Any CPU
		{51FECA7A-3572-4F94-B1C7-225E7D9B4E5E}.Release|Any CPU.Build.0 = Release|Any CPU
		{51FECA7A-3572-4F94-B1C7-225E7D9B4E5E}.Release|x64.ActiveCfg = Release|Any CPU
		{51FECA7A-3572-4F94-B1C7-225E7D9B4E5E}.Release|x64.Build.0 = Release|Any CPU
		{51FECA7A-3572-4F94-B1C7-225E7D9B4E5E}.Release|x86.ActiveCfg = Release|Any CPU
		{51FECA7A-3572-4F94-B1C7-225E7D9B4E5E}.Release|x86.Build.0 = Release|Any CPU
		{F5EEDA44-1664-4A4A-94FD-CD5552BBDFEB}.Debug|Any CPU.ActiveCfg = Debug|Any CPU
		{F5EEDA44-1664-4A4A-94FD-CD5552BBDFEB}.Debug|Any CPU.Build.0 = Debug|Any CPU
		{F5EEDA44-1664-4A4A-94FD-CD5552BBDFEB}.Debug|x64.ActiveCfg = Debug|Any CPU
		{F5EEDA44-1664-4A4A-94FD-CD5552BBDFEB}.Debug|x64.Build.0 = Debug|Any CPU
		{F5EEDA44-1664-4A4A-94FD-CD5552BBDFEB}.Debug|x86.ActiveCfg = Debug|Any CPU
		{F5EEDA44-1664-4A4A-94FD-CD5552BBDFEB}.Debug|x86.Build.0 = Debug|Any CPU
		{F5EEDA44-1664-4A4A-94FD-CD5552BBDFEB}.Release|Any CPU.ActiveCfg = Release|Any CPU
		{F5EEDA44-1664-4A4A-94FD-CD5552BBDFEB}.Release|Any CPU.Build.0 = Release|Any CPU
		{F5EEDA44-1664-4A4A-94FD-CD5552BBDFEB}.Release|x64.ActiveCfg = Release|Any CPU
		{F5EEDA44-1664-4A4A-94FD-CD5552BBDFEB}.Release|x64.Build.0 = Release|Any CPU
		{F5EEDA44-1664-4A4A-94FD-CD5552BBDFEB}.Release|x86.ActiveCfg = Release|Any CPU
		{F5EEDA44-1664-4A4A-94FD-CD5552BBDFEB}.Release|x86.Build.0 = Release|Any CPU
		{420F236E-9B53-445C-9474-B0CB02B05225}.Debug|Any CPU.ActiveCfg = Debug|Any CPU
		{420F236E-9B53-445C-9474-B0CB02B05225}.Debug|Any CPU.Build.0 = Debug|Any CPU
		{420F236E-9B53-445C-9474-B0CB02B05225}.Debug|x64.ActiveCfg = Debug|Any CPU
		{420F236E-9B53-445C-9474-B0CB02B05225}.Debug|x64.Build.0 = Debug|Any CPU
		{420F236E-9B53-445C-9474-B0CB02B05225}.Debug|x86.ActiveCfg = Debug|Any CPU
		{420F236E-9B53-445C-9474-B0CB02B05225}.Debug|x86.Build.0 = Debug|Any CPU
		{420F236E-9B53-445C-9474-B0CB02B05225}.Release|Any CPU.ActiveCfg = Release|Any CPU
		{420F236E-9B53-445C-9474-B0CB02B05225}.Release|Any CPU.Build.0 = Release|Any CPU
		{420F236E-9B53-445C-9474-B0CB02B05225}.Release|x64.ActiveCfg = Release|Any CPU
		{420F236E-9B53-445C-9474-B0CB02B05225}.Release|x64.Build.0 = Release|Any CPU
		{420F236E-9B53-445C-9474-B0CB02B05225}.Release|x86.ActiveCfg = Release|Any CPU
		{420F236E-9B53-445C-9474-B0CB02B05225}.Release|x86.Build.0 = Release|Any CPU
		{F9B1A429-8AAD-44F9-A2A0-B82446A17AD4}.Debug|Any CPU.ActiveCfg = Debug|Any CPU
		{F9B1A429-8AAD-44F9-A2A0-B82446A17AD4}.Debug|Any CPU.Build.0 = Debug|Any CPU
		{F9B1A429-8AAD-44F9-A2A0-B82446A17AD4}.Debug|x64.ActiveCfg = Debug|Any CPU
		{F9B1A429-8AAD-44F9-A2A0-B82446A17AD4}.Debug|x64.Build.0 = Debug|Any CPU
		{F9B1A429-8AAD-44F9-A2A0-B82446A17AD4}.Debug|x86.ActiveCfg = Debug|Any CPU
		{F9B1A429-8AAD-44F9-A2A0-B82446A17AD4}.Debug|x86.Build.0 = Debug|Any CPU
		{F9B1A429-8AAD-44F9-A2A0-B82446A17AD4}.Release|Any CPU.ActiveCfg = Release|Any CPU
		{F9B1A429-8AAD-44F9-A2A0-B82446A17AD4}.Release|Any CPU.Build.0 = Release|Any CPU
		{F9B1A429-8AAD-44F9-A2A0-B82446A17AD4}.Release|x64.ActiveCfg = Release|Any CPU
		{F9B1A429-8AAD-44F9-A2A0-B82446A17AD4}.Release|x64.Build.0 = Release|Any CPU
		{F9B1A429-8AAD-44F9-A2A0-B82446A17AD4}.Release|x86.ActiveCfg = Release|Any CPU
		{F9B1A429-8AAD-44F9-A2A0-B82446A17AD4}.Release|x86.Build.0 = Release|Any CPU
	EndGlobalSection
	GlobalSection(SolutionProperties) = preSolution
		HideSolutionNode = FALSE
	EndGlobalSection
EndGlobal
